
Microsoft Visual Studio Solution File, Format Version 12.00
# Visual Studio Version 16
VisualStudioVersion = 16.0.31402.337
MinimumVisualStudioVersion = 10.0.40219.1
Project("{9A19103F-16F7-4668-BE54-9A1E7A4F7556}") = "Simson.Chat.WebClient", "Simson.Chat.WebClient\Simson.Chat.WebClient.csproj", "{186AD411-1A30-4678-87FB-39D49B40B83A}"
EndProject
Project("{FAE04EC0-301F-11D3-BF4B-00C04F79EFBC}") = "Simson.Chat.ConsoleClient", "Simson.Chat.ConsoleClient\Simson.Chat.ConsoleClient.csproj", "{8DA1FD5E-11CB-4760-BCAF-14C49E04FBAB}"
EndProject
Project("{FAE04EC0-301F-11D3-BF4B-00C04F79EFBC}") = "GrpcService1", "GrpcService1\GrpcService1.csproj", "{4DDE530F-BDC9-4AEB-84CA-08E82417ACAA}"
EndProject
Global
	GlobalSection(SolutionConfigurationPlatforms) = preSolution
		Debug|Any CPU = Debug|Any CPU
		Release|Any CPU = Release|Any CPU
	EndGlobalSection
	GlobalSection(ProjectConfigurationPlatforms) = postSolution
		{186AD411-1A30-4678-87FB-39D49B40B83A}.Debug|Any CPU.ActiveCfg = Debug|Any CPU
		{186AD411-1A30-4678-87FB-39D49B40B83A}.Debug|Any CPU.Build.0 = Debug|Any CPU
		{186AD411-1A30-4678-87FB-39D49B40B83A}.Release|Any CPU.ActiveCfg = Release|Any CPU
		{186AD411-1A30-4678-87FB-39D49B40B83A}.Release|Any CPU.Build.0 = Release|Any CPU
		{8DA1FD5E-11CB-4760-BCAF-14C49E04FBAB}.Debug|Any CPU.ActiveCfg = Debug|Any CPU
		{8DA1FD5E-11CB-4760-BCAF-14C49E04FBAB}.Debug|Any CPU.Build.0 = Debug|Any CPU
		{8DA1FD5E-11CB-4760-BCAF-14C49E04FBAB}.Release|Any CPU.ActiveCfg = Release|Any CPU
		{8DA1FD5E-11CB-4760-BCAF-14C49E04FBAB}.Release|Any CPU.Build.0 = Release|Any CPU
		{4DDE530F-BDC9-4AEB-84CA-08E82417ACAA}.Debug|Any CPU.ActiveCfg = Debug|Any CPU
		{4DDE530F-BDC9-4AEB-84CA-08E82417ACAA}.Debug|Any CPU.Build.0 = Debug|Any CPU
		{4DDE530F-BDC9-4AEB-84CA-08E82417ACAA}.Release|Any CPU.ActiveCfg = Release|Any CPU
		{4DDE530F-BDC9-4AEB-84CA-08E82417ACAA}.Release|Any CPU.Build.0 = Release|Any CPU
	EndGlobalSection
	GlobalSection(SolutionProperties) = preSolution
		HideSolutionNode = FALSE
	EndGlobalSection
	GlobalSection(ExtensibilityGlobals) = postSolution
		SolutionGuid = {D9FAFA7E-E0C0-4793-9277-C19E348A0776}
	EndGlobalSection
EndGlobal
