
Microsoft Visual Studio Solution File, Format Version 12.00
# Visual Studio Version 16
VisualStudioVersion = 16.0.31402.337
MinimumVisualStudioVersion = 10.0.40219.1
Project("{9A19103F-16F7-4668-BE54-9A1E7A4F7556}") = "Simson.Chat.WebClient", "Simson.Chat.WebClient\Simson.Chat.WebClient.csproj", "{555399EC-23A3-497B-A5C7-45AB278CA602}"
EndProject
Project("{9A19103F-16F7-4668-BE54-9A1E7A4F7556}") = "Simson.Chat.ConsoleClient", "Simson.Chat.ConsoleClient\Simson.Chat.ConsoleClient.csproj", "{C1ED5088-A935-40A8-BEA5-DEF641BBC286}"
EndProject
Global
	GlobalSection(SolutionConfigurationPlatforms) = preSolution
		Debug|Any CPU = Debug|Any CPU
		Release|Any CPU = Release|Any CPU
	EndGlobalSection
	GlobalSection(ProjectConfigurationPlatforms) = postSolution
		{555399EC-23A3-497B-A5C7-45AB278CA602}.Debug|Any CPU.ActiveCfg = Debug|Any CPU
		{555399EC-23A3-497B-A5C7-45AB278CA602}.Debug|Any CPU.Build.0 = Debug|Any CPU
		{555399EC-23A3-497B-A5C7-45AB278CA602}.Release|Any CPU.ActiveCfg = Release|Any CPU
		{555399EC-23A3-497B-A5C7-45AB278CA602}.Release|Any CPU.Build.0 = Release|Any CPU
		{C1ED5088-A935-40A8-BEA5-DEF641BBC286}.Debug|Any CPU.ActiveCfg = Debug|Any CPU
		{C1ED5088-A935-40A8-BEA5-DEF641BBC286}.Debug|Any CPU.Build.0 = Debug|Any CPU
		{C1ED5088-A935-40A8-BEA5-DEF641BBC286}.Release|Any CPU.ActiveCfg = Release|Any CPU
		{C1ED5088-A935-40A8-BEA5-DEF641BBC286}.Release|Any CPU.Build.0 = Release|Any CPU
	EndGlobalSection
	GlobalSection(SolutionProperties) = preSolution
		HideSolutionNode = FALSE
	EndGlobalSection
	GlobalSection(ExtensibilityGlobals) = postSolution
		SolutionGuid = {2FF278DB-AE89-49D9-904E-D4B3ABE6A07F}
	EndGlobalSection
EndGlobal
